
Microsoft Visual Studio Solution File, Format Version 12.00
# Visual Studio Version 17
VisualStudioVersion = 17.7.34031.279
MinimumVisualStudioVersion = 10.0.40219.1
Project("{8BC9CEB8-8B4A-11D0-8D11-00A0C91BC942}") = "Section 8 Assignment", "Section 8 Assignment.vcxproj", "{A8659D0D-81FC-4099-A8ED-514292E31E78}"
EndProject
Global
	GlobalSection(SolutionConfigurationPlatforms) = preSolution
		Debug|x64 = Debug|x64
		Release|x64 = Release|x64
	EndGlobalSection
	GlobalSection(ProjectConfigurationPlatforms) = postSolution
		{A8659D0D-81FC-4099-A8ED-514292E31E78}.Debug|x64.ActiveCfg = Debug|x64
		{A8659D0D-81FC-4099-A8ED-514292E31E78}.Debug|x64.Build.0 = Debug|x64
		{A8659D0D-81FC-4099-A8ED-514292E31E78}.Release|x64.ActiveCfg = Release|x64
		{A8659D0D-81FC-4099-A8ED-514292E31E78}.Release|x64.Build.0 = Release|x64
	EndGlobalSection
	GlobalSection(SolutionProperties) = preSolution
		HideSolutionNode = FALSE
	EndGlobalSection
	GlobalSection(ExtensibilityGlobals) = postSolution
		SolutionGuid = {377E4331-924D-4C95-A538-DB9E816EAE9F}
	EndGlobalSection
EndGlobal
